{
  "name": "report-server",
  "version": "1.0.0",
  "lockfileVersion": 3,
  "requires": true,
  "packages": {
    "": {
      "name": "report-server",
      "version": "1.0.0",
      "dependencies": {
        "fs-extra": "^11.3.1",
        "simple-git": "^3.28.0"
      }
    },
    "node_modules/.pnpm/@kwsites+file-exists@1.1.1": {
      "extraneous": true
    },
    "node_modules/.pnpm/@kwsites+promise-deferred@1.1.1/node_modules/@kwsites/promise-deferred": {
      "version": "1.1.1",
      "extraneous": true,
      "license": "MIT",
      "devDependencies": {
        "@babel/core": "^7.10.3",
        "@babel/preset-env": "^7.10.3",
        "@babel/preset-typescript": "^7.10.1",
        "@types/jest": "^26.0.0",
        "@types/node": "^14.0.13",
        "babel-jest": "^26.1.0",
        "babel-preset-env": "^1.7.0",
        "jest": "^26.1.0",
        "ts-node": "^8.10.2",
        "typescript": "^3.9.5"
      }
    },
    "node_modules/.pnpm/debug@4.4.1": {
      "extraneous": true
    },
    "node_modules/.pnpm/fs-extra@11.3.1": {
      "extraneous": true
    },
    "node_modules/.pnpm/graceful-fs@4.2.11/node_modules/graceful-fs": {
      "version": "4.2.11",
      "extraneous": true,
      "license": "ISC",
      "devDependencies": {
        "import-fresh": "^2.0.0",
        "mkdirp": "^0.5.0",
        "rimraf": "^2.2.8",
        "tap": "^16.3.4"
      }
    },
    "node_modules/.pnpm/jsonfile@6.2.0": {
      "extraneous": true
    },
    "node_modules/.pnpm/ms@2.1.3/node_modules/ms": {
      "version": "2.1.3",
      "extraneous": true,
      "license": "MIT",
      "devDependencies": {
        "eslint": "4.18.2",
        "expect.js": "0.3.1",
        "husky": "0.14.3",
        "lint-staged": "5.0.0",
        "mocha": "4.0.1",
        "prettier": "2.0.5"
      }
    },
    "node_modules/.pnpm/simple-git@3.28.0": {
      "extraneous": true
    },
    "node_modules/.pnpm/universalify@2.0.1/node_modules/universalify": {
      "version": "2.0.1",
      "extraneous": true,
      "license": "MIT",
      "devDependencies": {
        "colortape": "^0.1.2",
        "coveralls": "^3.0.1",
        "nyc": "^15.0.0",
        "standard": "^14.3.1",
        "tape": "^5.0.1"
      },
      "engines": {
        "node": ">= 10.0.0"
      }
    },
    "node_modules/@kwsites/file-exists": {
      "version": "1.1.1",
      "resolved": "https://registry.npmjs.org/@kwsites/file-exists/-/file-exists-1.1.1.tgz",
      "integrity": "sha512-m9/5YGR18lIwxSFDwfE3oA7bWuq9kdau6ugN4H2rJeyhFQZcG9AgSHkQtSD15a8WvTgfz9aikZMrKPHvbpqFiw==",
      "license": "MIT",
      "dependencies": {
        "debug": "^4.1.1"
      }
    },
    "node_modules/@kwsites/promise-deferred": {
      "version": "1.1.1",
      "resolved": "https://registry.npmjs.org/@kwsites/promise-deferred/-/promise-deferred-1.1.1.tgz",
      "integrity": "sha512-GaHYm+c0O9MjZRu0ongGBRbinu8gVAMd2UZjji6jVmqKtZluZnptXGWhz1E8j8D2HJ3f/yMxKAUC0b+57wncIw==",
      "license": "MIT"
    },
    "node_modules/debug": {
      "version": "4.4.1",
      "resolved": "https://registry.npmjs.org/debug/-/debug-4.4.1.tgz",
      "integrity": "sha512-KcKCqiftBJcZr++7ykoDIEwSa3XWowTfNPo92BYxjXiyYEVrUQh2aLyhxBCwww+heortUFxEJYcRzosstTEBYQ==",
      "license": "MIT",
      "dependencies": {
        "ms": "^2.1.3"
      },
      "engines": {
        "node": ">=6.0"
      },
      "peerDependenciesMeta": {
        "supports-color": {
          "optional": true
        }
      }
    },
    "node_modules/fs-extra": {
      "version": "11.3.1",
      "resolved": "https://registry.npmjs.org/fs-extra/-/fs-extra-11.3.1.tgz",
      "integrity": "sha512-eXvGGwZ5CL17ZSwHWd3bbgk7UUpF6IFHtP57NYYakPvHOs8GDgDe5KJI36jIJzDkJ6eJjuzRA8eBQb6SkKue0g==",
      "license": "MIT",
      "dependencies": {
        "graceful-fs": "^4.2.0",
        "jsonfile": "^6.0.1",
        "universalify": "^2.0.0"
      },
      "engines": {
        "node": ">=14.14"
      }
    },
    "node_modules/graceful-fs": {
      "version": "4.2.11",
      "resolved": "https://registry.npmjs.org/graceful-fs/-/graceful-fs-4.2.11.tgz",
      "integrity": "sha512-RbJ5/jmFcNNCcDV5o9eTnBLJ/HszWV0P73bc+Ff4nS/rJj+YaS6IGyiOL0VoBYX+l1Wrl3k63h/KrH+nhJ0XvQ==",
      "license": "ISC"
    },
    "node_modules/jsonfile": {
      "version": "6.2.0",
      "resolved": "https://registry.npmjs.org/jsonfile/-/jsonfile-6.2.0.tgz",
      "integrity": "sha512-FGuPw30AdOIUTRMC2OMRtQV+jkVj2cfPqSeWXv1NEAJ1qZ5zb1X6z1mFhbfOB/iy3ssJCD+3KuZ8r8C3uVFlAg==",
      "license": "MIT",
      "dependencies": {
        "universalify": "^2.0.0"
      },
      "optionalDependencies": {
        "graceful-fs": "^4.1.6"
      }
    },
    "node_modules/ms": {
      "version": "2.1.3",
      "resolved": "https://registry.npmjs.org/ms/-/ms-2.1.3.tgz",
      "integrity": "sha512-6FlzubTLZG3J2a/NVCAleEhjzq5oxgHyaCU9yYXvcLsvoVaHJq/s5xXI6/XXP6tz7R9xAOtHnSO/tXtF3WRTlA==",
      "license": "MIT"
    },
    "node_modules/simple-git": {
      "version": "3.28.0",
      "resolved": "https://registry.npmjs.org/simple-git/-/simple-git-3.28.0.tgz",
      "integrity": "sha512-Rs/vQRwsn1ILH1oBUy8NucJlXmnnLeLCfcvbSehkPzbv3wwoFWIdtfd6Ndo6ZPhlPsCZ60CPI4rxurnwAa+a2w==",
      "license": "MIT",
      "dependencies": {
        "@kwsites/file-exists": "^1.1.1",
        "@kwsites/promise-deferred": "^1.1.1",
        "debug": "^4.4.0"
      },
      "funding": {
        "type": "github",
        "url": "https://github.com/steveukx/git-js?sponsor=1"
      }
    },
    "node_modules/universalify": {
      "version": "2.0.1",
      "resolved": "https://registry.npmjs.org/universalify/-/universalify-2.0.1.tgz",
      "integrity": "sha512-gptHNQghINnc/vTGIk0SOFGFNXw7JVrlRUtConJRlvaw6DuX0wO5Jeko9sWrMBhh+PsYAZ7oXAiOnf/UKogyiw==",
      "license": "MIT",
      "engines": {
        "node": ">= 10.0.0"
      }
    }
  }
}
